// !$*UTF8*$!
{
	archiveVersion = 1;
	classes = {
	};
	objectVersion = 50;
	objects = {

/* Begin PBXBuildFile section */
		F0E70672E7EA5509F54C616C /* Pods_HostApp.framework in Frameworks */ = {isa = PBXBuildFile; fileRef = EFFA8F390E5F298C2E7EAC31 /* Pods_HostApp.framework */; };
		F7E888A92709717000C1B7CF /* AppDelegate.swift in Sources */ = {isa = PBXBuildFile; fileRef = F7E888A82709717000C1B7CF /* AppDelegate.swift */; };
		F7E888AB2709717000C1B7CF /* SceneDelegate.swift in Sources */ = {isa = PBXBuildFile; fileRef = F7E888AA2709717000C1B7CF /* SceneDelegate.swift */; };
		F7E888AD2709717000C1B7CF /* ViewController.swift in Sources */ = {isa = PBXBuildFile; fileRef = F7E888AC2709717000C1B7CF /* ViewController.swift */; };
		F7E888B02709717000C1B7CF /* Main.storyboard in Resources */ = {isa = PBXBuildFile; fileRef = F7E888AE2709717000C1B7CF /* Main.storyboard */; };
		F7E888B22709717A00C1B7CF /* Assets.xcassets in Resources */ = {isa = PBXBuildFile; fileRef = F7E888B12709717A00C1B7CF /* Assets.xcassets */; };
		F7E888B52709717A00C1B7CF /* LaunchScreen.storyboard in Resources */ = {isa = PBXBuildFile; fileRef = F7E888B32709717A00C1B7CF /* LaunchScreen.storyboard */; };
/* End PBXBuildFile section */

/* Begin PBXFileReference section */
		A3D0C5F352A88052406F3143 /* Pods-HostApp.release.xcconfig */ = {isa = PBXFileReference; includeInIndex = 1; lastKnownFileType = text.xcconfig; name = "Pods-HostApp.release.xcconfig"; path = "Target Support Files/Pods-HostApp/Pods-HostApp.release.xcconfig"; sourceTree = "<group>"; };
		B208FC96C0DE27A96F74822D /* Pods-HostApp.debug.xcconfig */ = {isa = PBXFileReference; includeInIndex = 1; lastKnownFileType = text.xcconfig; name = "Pods-HostApp.debug.xcconfig"; path = "Target Support Files/Pods-HostApp/Pods-HostApp.debug.xcconfig"; sourceTree = "<group>"; };
		EFFA8F390E5F298C2E7EAC31 /* Pods_HostApp.framework */ = {isa = PBXFileReference; explicitFileType = wrapper.framework; includeInIndex = 0; path = Pods_HostApp.framework; sourceTree = BUILT_PRODUCTS_DIR; };
		F7E888A52709717000C1B7CF /* HostApp.app */ = {isa = PBXFileReference; explicitFileType = wrapper.application; includeInIndex = 0; path = HostApp.app; sourceTree = BUILT_PRODUCTS_DIR; };
		F7E888A82709717000C1B7CF /* AppDelegate.swift */ = {isa = PBXFileReference; lastKnownFileType = sourcecode.swift; path = AppDelegate.swift; sourceTree = "<group>"; };
		F7E888AA2709717000C1B7CF /* SceneDelegate.swift */ = {isa = PBXFileReference; lastKnownFileType = sourcecode.swift; path = SceneDelegate.swift; sourceTree = "<group>"; };
		F7E888AC2709717000C1B7CF /* ViewController.swift */ = {isa = PBXFileReference; lastKnownFileType = sourcecode.swift; path = ViewController.swift; sourceTree = "<group>"; };
		F7E888AF2709717000C1B7CF /* Base */ = {isa = PBXFileReference; lastKnownFileType = file.storyboard; name = Base; path = Base.lproj/Main.storyboard; sourceTree = "<group>"; };
		F7E888B12709717A00C1B7CF /* Assets.xcassets */ = {isa = PBXFileReference; lastKnownFileType = folder.assetcatalog; path = Assets.xcassets; sourceTree = "<group>"; };
		F7E888B42709717A00C1B7CF /* Base */ = {isa = PBXFileReference; lastKnownFileType = file.storyboard; name = Base; path = Base.lproj/LaunchScreen.storyboard; sourceTree = "<group>"; };
		F7E888B62709717A00C1B7CF /* Info.plist */ = {isa = PBXFileReference; lastKnownFileType = text.plist.xml; path = Info.plist; sourceTree = "<group>"; };
/* End PBXFileReference section */

/* Begin PBXFrameworksBuildPhase section */
		F7E888A22709717000C1B7CF /* Frameworks */ = {
			isa = PBXFrameworksBuildPhase;
			buildActionMask = 2147483647;
			files = (
				F0E70672E7EA5509F54C616C /* Pods_HostApp.framework in Frameworks */,
			);
			runOnlyForDeploymentPostprocessing = 0;
		};
/* End PBXFrameworksBuildPhase section */

/* Begin PBXGroup section */
		2B0BF0658A45587FEBD97F79 /* Frameworks */ = {
			isa = PBXGroup;
			children = (
				EFFA8F390E5F298C2E7EAC31 /* Pods_HostApp.framework */,
			);
			name = Frameworks;
			sourceTree = "<group>";
		};
		6D83C1681E4E2FEE338E6CD8 /* Pods */ = {
			isa = PBXGroup;
			children = (
				B208FC96C0DE27A96F74822D /* Pods-HostApp.debug.xcconfig */,
				A3D0C5F352A88052406F3143 /* Pods-HostApp.release.xcconfig */,
			);
			name = Pods;
			path = Pods;
			sourceTree = "<group>";
		};
		F7E8889C2709717000C1B7CF = {
			isa = PBXGroup;
			children = (
				F7E888A72709717000C1B7CF /* HostApp */,
				F7E888A62709717000C1B7CF /* Products */,
				6D83C1681E4E2FEE338E6CD8 /* Pods */,
				2B0BF0658A45587FEBD97F79 /* Frameworks */,
			);
			sourceTree = "<group>";
		};
		F7E888A62709717000C1B7CF /* Products */ = {
			isa = PBXGroup;
			children = (
				F7E888A52709717000C1B7CF /* HostApp.app */,
			);
			name = Products;
			sourceTree = "<group>";
		};
		F7E888A72709717000C1B7CF /* HostApp */ = {
			isa = PBXGroup;
			children = (
				F7E888A82709717000C1B7CF /* AppDelegate.swift */,
				F7E888AA2709717000C1B7CF /* SceneDelegate.swift */,
				F7E888AC2709717000C1B7CF /* ViewController.swift */,
				F7E888AE2709717000C1B7CF /* Main.storyboard */,
				F7E888B12709717A00C1B7CF /* Assets.xcassets */,
				F7E888B32709717A00C1B7CF /* LaunchScreen.storyboard */,
				F7E888B62709717A00C1B7CF /* Info.plist */,
			);
			path = HostApp;
			sourceTree = "<group>";
		};
/* End PBXGroup section */

/* Begin PBXNativeTarget section */
		F7E888A42709717000C1B7CF /* HostApp */ = {
			isa = PBXNativeTarget;
			buildConfigurationList = F7E888B92709717A00C1B7CF /* Build configuration list for PBXNativeTarget "HostApp" */;
			buildPhases = (
				981D9DE58B89D68FBF4E6AE9 /* [CP] Check Pods Manifest.lock */,
				F7E888A12709717000C1B7CF /* Sources */,
				F7E888A22709717000C1B7CF /* Frameworks */,
				F7E888A32709717000C1B7CF /* Resources */,
				A361C1910FEBADB9204DBB82 /* [CP] Copy Pods Resources */,
			);
			buildRules = (
			);
			dependencies = (
			);
			name = HostApp;
			productName = HostApp;
			productReference = F7E888A52709717000C1B7CF /* HostApp.app */;
			productType = "com.apple.product-type.application";
		};
/* End PBXNativeTarget section */

/* Begin PBXProject section */
		F7E8889D2709717000C1B7CF /* Project object */ = {
			isa = PBXProject;
			attributes = {
				LastSwiftUpdateCheck = 1160;
				LastUpgradeCheck = 1160;
				ORGANIZATIONNAME = venusgeo;
				TargetAttributes = {
					F7E888A42709717000C1B7CF = {
						CreatedOnToolsVersion = 11.6;
					};
				};
			};
			buildConfigurationList = F7E888A02709717000C1B7CF /* Build configuration list for PBXProject "HostApp" */;
			compatibilityVersion = "Xcode 9.3";
			developmentRegion = en;
			hasScannedForEncodings = 0;
			knownRegions = (
				en,
				Base,
			);
			mainGroup = F7E8889C2709717000C1B7CF;
			productRefGroup = F7E888A62709717000C1B7CF /* Products */;
			projectDirPath = "";
			projectRoot = "";
			targets = (
				F7E888A42709717000C1B7CF /* HostApp */,
			);
		};
/* End PBXProject section */

/* Begin PBXResourcesBuildPhase section */
		F7E888A32709717000C1B7CF /* Resources */ = {
			isa = PBXResourcesBuildPhase;
			buildActionMask = 2147483647;
			files = (
				F7E888B52709717A00C1B7CF /* LaunchScreen.storyboard in Resources */,
				F7E888B22709717A00C1B7CF /* Assets.xcassets in Resources */,
				F7E888B02709717000C1B7CF /* Main.storyboard in Resources */,
			);
			runOnlyForDeploymentPostprocessing = 0;
		};
/* End PBXResourcesBuildPhase section */

/* Begin PBXShellScriptBuildPhase section */
		981D9DE58B89D68FBF4E6AE9 /* [CP] Check Pods Manifest.lock */ = {
			isa = PBXShellScriptBuildPhase;
			buildActionMask = 2147483647;
			files = (
			);
			inputFileListPaths = (
			);
			inputPaths = (
				"${PODS_PODFILE_DIR_PATH}/Podfile.lock",
				"${PODS_ROOT}/Manifest.lock",
			);
			name = "[CP] Check Pods Manifest.lock";
			outputFileListPaths = (
			);
			outputPaths = (
				"$(DERIVED_FILE_DIR)/Pods-HostApp-checkManifestLockResult.txt",
			);
			runOnlyForDeploymentPostprocessing = 0;
			shellPath = /bin/sh;
			shellScript = "diff \"${PODS_PODFILE_DIR_PATH}/Podfile.lock\" \"${PODS_ROOT}/Manifest.lock\" > /dev/null\nif [ $? != 0 ] ; then\n    # print error to STDERR\n    echo \"error: The sandbox is not in sync with the Podfile.lock. Run 'pod install' or update your CocoaPods installation.\" >&2\n    exit 1\nfi\n# This output is used by Xcode 'outputs' to avoid re-running this script phase.\necho \"SUCCESS\" > \"${SCRIPT_OUTPUT_FILE_0}\"\n";
			showEnvVarsInLog = 0;
		};
		A361C1910FEBADB9204DBB82 /* [CP] Copy Pods Resources */ = {
			isa = PBXShellScriptBuildPhase;
			buildActionMask = 2147483647;
			files = (
			);
			inputFileListPaths = (
				"${PODS_ROOT}/Target Support Files/Pods-HostApp/Pods-HostApp-resources-${CONFIGURATION}-input-files.xcfilelist",
			);
			name = "[CP] Copy Pods Resources";
			outputFileListPaths = (
				"${PODS_ROOT}/Target Support Files/Pods-HostApp/Pods-HostApp-resources-${CONFIGURATION}-output-files.xcfilelist",
			);
			runOnlyForDeploymentPostprocessing = 0;
			shellPath = /bin/sh;
			shellScript = "\"${PODS_ROOT}/Target Support Files/Pods-HostApp/Pods-HostApp-resources.sh\"\n";
			showEnvVarsInLog = 0;
		};
/* End PBXShellScriptBuildPhase section */

/* Begin PBXSourcesBuildPhase section */
		F7E888A12709717000C1B7CF /* Sources */ = {
			isa = PBXSourcesBuildPhase;
			buildActionMask = 2147483647;
			files = (
				F7E888AD2709717000C1B7CF /* ViewController.swift in Sources */,
				F7E888A92709717000C1B7CF /* AppDelegate.swift in Sources */,
				F7E888AB2709717000C1B7CF /* SceneDelegate.swift in Sources */,
			);
			runOnlyForDeploymentPostprocessing = 0;
		};
/* End PBXSourcesBuildPhase section */

/* Begin PBXVariantGroup section */
		F7E888AE2709717000C1B7CF /* Main.storyboard */ = {
			isa = PBXVariantGroup;
			children = (
				F7E888AF2709717000C1B7CF /* Base */,
			);
			name = Main.storyboard;
			sourceTree = "<group>";
		};
		F7E888B32709717A00C1B7CF /* LaunchScreen.storyboard */ = {
			isa = PBXVariantGroup;
			children = (
				F7E888B42709717A00C1B7CF /* Base */,
			);
			name = LaunchScreen.storyboard;
			sourceTree = "<group>";
		};
/* End PBXVariantGroup section */

/* Begin XCBuildConfiguration section */
		F7E888B72709717A00C1B7CF /* Debug */ = {
			isa = XCBuildConfiguration;
			buildSettings = {
				ALWAYS_SEARCH_USER_PATHS = NO;
				CLANG_ANALYZER_NONNULL = YES;
				CLANG_ANALYZER_NUMBER_OBJECT_CONVERSION = YES_AGGRESSIVE;
				CLANG_CXX_LANGUAGE_STANDARD = "gnu++14";
				CLANG_CXX_LIBRARY = "libc++";
				CLANG_ENABLE_MODULES = YES;
				CLANG_ENABLE_OBJC_ARC = YES;
				CLANG_ENABLE_OBJC_WEAK = YES;
				CLANG_WARN_BLOCK_CAPTURE_AUTORELEASING = YES;
				CLANG_WARN_BOOL_CONVERSION = YES;
				CLANG_WARN_COMMA = YES;
				CLANG_WARN_CONSTANT_CONVERSION = YES;
				CLANG_WARN_DEPRECATED_OBJC_IMPLEMENTATIONS = YES;
				CLANG_WARN_DIRECT_OBJC_ISA_USAGE = YES_ERROR;
				CLANG_WARN_DOCUMENTATION_COMMENTS = YES;
				CLANG_WARN_EMPTY_BODY = YES;
				CLANG_WARN_ENUM_CONVERSION = YES;
				CLANG_WARN_INFINITE_RECURSION = YES;
				CLANG_WARN_INT_CONVERSION = YES;
				CLANG_WARN_NON_LITERAL_NULL_CONVERSION = YES;
				CLANG_WARN_OBJC_IMPLICIT_RETAIN_SELF = YES;
				CLANG_WARN_OBJC_LITERAL_CONVERSION = YES;
				CLANG_WARN_OBJC_ROOT_CLASS = YES_ERROR;
				CLANG_WARN_RANGE_LOOP_ANALYSIS = YES;
				CLANG_WARN_STRICT_PROTOTYPES = YES;
				CLANG_WARN_SUSPICIOUS_MOVE = YES;
				CLANG_WARN_UNGUARDED_AVAILABILITY = YES_AGGRESSIVE;
				CLANG_WARN_UNREACHABLE_CODE = YES;
				CLANG_WARN__DUPLICATE_METHOD_MATCH = YES;
				COPY_PHASE_STRIP = NO;
				DEBUG_INFORMATION_FORMAT = dwarf;
				ENABLE_STRICT_OBJC_MSGSEND = YES;
				ENABLE_TESTABILITY = YES;
				GCC_C_LANGUAGE_STANDARD = gnu11;
				GCC_DYNAMIC_NO_PIC = NO;
				GCC_NO_COMMON_BLOCKS = YES;
				GCC_OPTIMIZATION_LEVEL = 0;
				GCC_PREPROCESSOR_DEFINITIONS = (
					"DEBUG=1",
					"$(inherited)",
				);
				GCC_WARN_64_TO_32_BIT_CONVERSION = YES;
				GCC_WARN_ABOUT_RETURN_TYPE = YES_ERROR;
				GCC_WARN_UNDECLARED_SELECTOR = YES;
				GCC_WARN_UNINITIALIZED_AUTOS = YES_AGGRESSIVE;
				GCC_WARN_UNUSED_FUNCTION = YES;
				GCC_WARN_UNUSED_VARIABLE = YES;
				IPHONEOS_DEPLOYMENT_TARGET = 13.6;
				MTL_ENABLE_DEBUG_INFO = INCLUDE_SOURCE;
				MTL_FAST_MATH = YES;
				ONLY_ACTIVE_ARCH = YES;
				SDKROOT = iphoneos;
				SWIFT_ACTIVE_COMPILATION_CONDITIONS = DEBUG;
				SWIFT_OPTIMIZATION_LEVEL = "-Onone";
			};
			name = Debug;
		};
		F7E888B82709717A00C1B7CF /* Release */ = {
			isa = XCBuildConfiguration;
			buildSettings = {
				ALWAYS_SEARCH_USER_PATHS = NO;
				CLANG_ANALYZER_NONNULL = YES;
				CLANG_ANALYZER_NUMBER_OBJECT_CONVERSION = YES_AGGRESSIVE;
				CLANG_CXX_LANGUAGE_STANDARD = "gnu++14";
				CLANG_CXX_LIBRARY = "libc++";
				CLANG_ENABLE_MODULES = YES;
				CLANG_ENABLE_OBJC_ARC = YES;
				CLANG_ENABLE_OBJC_WEAK = YES;
				CLANG_WARN_BLOCK_CAPTURE_AUTORELEASING = YES;
				CLANG_WARN_BOOL_CONVERSION = YES;
				CLANG_WARN_COMMA = YES;
				CLANG_WARN_CONSTANT_CONVERSION = YES;
				CLANG_WARN_DEPRECATED_OBJC_IMPLEMENTATIONS = YES;
				CLANG_WARN_DIRECT_OBJC_ISA_USAGE = YES_ERROR;
				CLANG_WARN_DOCUMENTATION_COMMENTS = YES;
				CLANG_WARN_EMPTY_BODY = YES;
				CLANG_WARN_ENUM_CONVERSION = YES;
				CLANG_WARN_INFINITE_RECURSION = YES;
				CLANG_WARN_INT_CONVERSION = YES;
				CLANG_WARN_NON_LITERAL_NULL_CONVERSION = YES;
				CLANG_WARN_OBJC_IMPLICIT_RETAIN_SELF = YES;
				CLANG_WARN_OBJC_LITERAL_CONVERSION = YES;
				CLANG_WARN_OBJC_ROOT_CLASS = YES_ERROR;
				CLANG_WARN_RANGE_LOOP_ANALYSIS = YES;
				CLANG_WARN_STRICT_PROTOTYPES = YES;
				CLANG_WARN_SUSPICIOUS_MOVE = YES;
				CLANG_WARN_UNGUARDED_AVAILABILITY = YES_AGGRESSIVE;
				CLANG_WARN_UNREACHABLE_CODE = YES;
				CLANG_WARN__DUPLICATE_METHOD_MATCH = YES;
				COPY_PHASE_STRIP = NO;
				DEBUG_INFORMATION_FORMAT = "dwarf-with-dsym";
				ENABLE_NS_ASSERTIONS = NO;
				ENABLE_STRICT_OBJC_MSGSEND = YES;
				GCC_C_LANGUAGE_STANDARD = gnu11;
				GCC_NO_COMMON_BLOCKS = YES;
				GCC_WARN_64_TO_32_BIT_CONVERSION = YES;
				GCC_WARN_ABOUT_RETURN_TYPE = YES_ERROR;
				GCC_WARN_UNDECLARED_SELECTOR = YES;
				GCC_WARN_UNINITIALIZED_AUTOS = YES_AGGRESSIVE;
				GCC_WARN_UNUSED_FUNCTION = YES;
				GCC_WARN_UNUSED_VARIABLE = YES;
				IPHONEOS_DEPLOYMENT_TARGET = 13.6;
				MTL_ENABLE_DEBUG_INFO = NO;
				MTL_FAST_MATH = YES;
				SDKROOT = iphoneos;
				SWIFT_COMPILATION_MODE = wholemodule;
				SWIFT_OPTIMIZATION_LEVEL = "-O";
				VALIDATE_PRODUCT = YES;
			};
			name = Release;
		};
		F7E888BA2709717A00C1B7CF /* Debug */ = {
			isa = XCBuildConfiguration;
			baseConfigurationReference = B208FC96C0DE27A96F74822D /* Pods-HostApp.debug.xcconfig */;
			buildSettings = {
				ASSETCATALOG_COMPILER_APPICON_NAME = AppIcon;
				CODE_SIGN_STYLE = Automatic;
				INFOPLIST_FILE = HostApp/Info.plist;
				LD_RUNPATH_SEARCH_PATHS = (
					"$(inherited)",
					"@executable_path/Frameworks",
				);
				PRODUCT_BUNDLE_IDENTIFIER = com.ramesh.HostApp;
				PRODUCT_NAME = "$(TARGET_NAME)";
				SWIFT_VERSION = 5.0;
				TARGETED_DEVICE_FAMILY = "1,2";
			};
			name = Debug;
		};
		F7E888BB2709717A00C1B7CF /* Release */ = {
			isa = XCBuildConfiguration;
			baseConfigurationReference = A3D0C5F352A88052406F3143 /* Pods-HostApp.release.xcconfig */;
			buildSettings = {
				ASSETCATALOG_COMPILER_APPICON_NAME = AppIcon;
				CODE_SIGN_STYLE = Automatic;
				INFOPLIST_FILE = HostApp/Info.plist;
				LD_RUNPATH_SEARCH_PATHS = (
					"$(inherited)",
					"@executable_path/Frameworks",
				);
				PRODUCT_BUNDLE_IDENTIFIER = com.ramesh.HostApp;
				PRODUCT_NAME = "$(TARGET_NAME)";
				SWIFT_VERSION = 5.0;
				TARGETED_DEVICE_FAMILY = "1,2";
			};
			name = Release;
		};
/* End XCBuildConfiguration section */

/* Begin XCConfigurationList section */
		F7E888A02709717000C1B7CF /* Build configuration list for PBXProject "HostApp" */ = {
			isa = XCConfigurationList;
			buildConfigurations = (
				F7E888B72709717A00C1B7CF /* Debug */,
				F7E888B82709717A00C1B7CF /* Release */,
			);
			defaultConfigurationIsVisible = 0;
			defaultConfigurationName = Release;
		};
		F7E888B92709717A00C1B7CF /* Build configuration list for PBXNativeTarget "HostApp" */ = {
			isa = XCConfigurationList;
			buildConfigurations = (
				F7E888BA2709717A00C1B7CF /* Debug */,
				F7E888BB2709717A00C1B7CF /* Release */,
			);
			defaultConfigurationIsVisible = 0;
			defaultConfigurationName = Release;
		};
/* End XCConfigurationList section */
	};
	rootObject = F7E8889D2709717000C1B7CF /* Project object */;
}
